// !$*UTF8*$!
{
	archiveVersion = 1;
	classes = {
	};
	objectVersion = 50;
	objects = {

/* Begin PBXBuildFile section */
		43A8BDDD26EF5612008A7E6D /* AppDelegate.swift in Sources */ = {isa = PBXBuildFile; fileRef = 43A8BDDC26EF5612008A7E6D /* AppDelegate.swift */; };
		43A8BDDF26EF5612008A7E6D /* SceneDelegate.swift in Sources */ = {isa = PBXBuildFile; fileRef = 43A8BDDE26EF5612008A7E6D /* SceneDelegate.swift */; };
		43A8BDE126EF5612008A7E6D /* ViewController.swift in Sources */ = {isa = PBXBuildFile; fileRef = 43A8BDE026EF5612008A7E6D /* ViewController.swift */; };
		43A8BDE426EF5612008A7E6D /* Main.storyboard in Resources */ = {isa = PBXBuildFile; fileRef = 43A8BDE226EF5612008A7E6D /* Main.storyboard */; };
		43A8BDE626EF5614008A7E6D /* Assets.xcassets in Resources */ = {isa = PBXBuildFile; fileRef = 43A8BDE526EF5614008A7E6D /* Assets.xcassets */; };
		43A8BDE926EF5614008A7E6D /* LaunchScreen.storyboard in Resources */ = {isa = PBXBuildFile; fileRef = 43A8BDE726EF5614008A7E6D /* LaunchScreen.storyboard */; };
		43A8BDF126EF57A8008A7E6D /* ViewController2.swift in Sources */ = {isa = PBXBuildFile; fileRef = 43A8BDF026EF57A8008A7E6D /* ViewController2.swift */; };
		43A8BDF326EF61F7008A7E6D /* RasaController.swift in Sources */ = {isa = PBXBuildFile; fileRef = 43A8BDF226EF61F7008A7E6D /* RasaController.swift */; };
/* End PBXBuildFile section */

/* Begin PBXFileReference section */
		43A8BDD926EF5612008A7E6D /* TestApp-iOS.app */ = {isa = PBXFileReference; explicitFileType = wrapper.application; includeInIndex = 0; path = "TestApp-iOS.app"; sourceTree = BUILT_PRODUCTS_DIR; };
		43A8BDDC26EF5612008A7E6D /* AppDelegate.swift */ = {isa = PBXFileReference; lastKnownFileType = sourcecode.swift; path = AppDelegate.swift; sourceTree = "<group>"; };
		43A8BDDE26EF5612008A7E6D /* SceneDelegate.swift */ = {isa = PBXFileReference; lastKnownFileType = sourcecode.swift; path = SceneDelegate.swift; sourceTree = "<group>"; };
		43A8BDE026EF5612008A7E6D /* ViewController.swift */ = {isa = PBXFileReference; lastKnownFileType = sourcecode.swift; path = ViewController.swift; sourceTree = "<group>"; };
		43A8BDE326EF5612008A7E6D /* Base */ = {isa = PBXFileReference; lastKnownFileType = file.storyboard; name = Base; path = Base.lproj/Main.storyboard; sourceTree = "<group>"; };
		43A8BDE526EF5614008A7E6D /* Assets.xcassets */ = {isa = PBXFileReference; lastKnownFileType = folder.assetcatalog; path = Assets.xcassets; sourceTree = "<group>"; };
		43A8BDE826EF5614008A7E6D /* Base */ = {isa = PBXFileReference; lastKnownFileType = file.storyboard; name = Base; path = Base.lproj/LaunchScreen.storyboard; sourceTree = "<group>"; };
		43A8BDEA26EF5614008A7E6D /* Info.plist */ = {isa = PBXFileReference; lastKnownFileType = text.plist.xml; path = Info.plist; sourceTree = "<group>"; };
		43A8BDF026EF57A8008A7E6D /* ViewController2.swift */ = {isa = PBXFileReference; lastKnownFileType = sourcecode.swift; path = ViewController2.swift; sourceTree = "<group>"; };
		43A8BDF226EF61F7008A7E6D /* RasaController.swift */ = {isa = PBXFileReference; lastKnownFileType = sourcecode.swift; path = RasaController.swift; sourceTree = "<group>"; };
/* End PBXFileReference section */

/* Begin PBXFrameworksBuildPhase section */
		43A8BDD626EF5612008A7E6D /* Frameworks */ = {
			isa = PBXFrameworksBuildPhase;
			buildActionMask = 2147483647;
			files = (
			);
			runOnlyForDeploymentPostprocessing = 0;
		};
/* End PBXFrameworksBuildPhase section */

/* Begin PBXGroup section */
		43A8BDD026EF5612008A7E6D = {
			isa = PBXGroup;
			children = (
				43A8BDDB26EF5612008A7E6D /* TestApp-iOS */,
				43A8BDDA26EF5612008A7E6D /* Products */,
			);
			sourceTree = "<group>";
		};
		43A8BDDA26EF5612008A7E6D /* Products */ = {
			isa = PBXGroup;
			children = (
				43A8BDD926EF5612008A7E6D /* TestApp-iOS.app */,
			);
			name = Products;
			sourceTree = "<group>";
		};
		43A8BDDB26EF5612008A7E6D /* TestApp-iOS */ = {
			isa = PBXGroup;
			children = (
				43A8BDDC26EF5612008A7E6D /* AppDelegate.swift */,
				43A8BDDE26EF5612008A7E6D /* SceneDelegate.swift */,
				43A8BDE026EF5612008A7E6D /* ViewController.swift */,
				43A8BDF026EF57A8008A7E6D /* ViewController2.swift */,
				43A8BDF226EF61F7008A7E6D /* RasaController.swift */,
				43A8BDE226EF5612008A7E6D /* Main.storyboard */,
				43A8BDE526EF5614008A7E6D /* Assets.xcassets */,
				43A8BDE726EF5614008A7E6D /* LaunchScreen.storyboard */,
				43A8BDEA26EF5614008A7E6D /* Info.plist */,
			);
			path = "TestApp-iOS";
			sourceTree = "<group>";
		};
/* End PBXGroup section */

/* Begin PBXNativeTarget section */
		43A8BDD826EF5612008A7E6D /* TestApp-iOS */ = {
			isa = PBXNativeTarget;
			buildConfigurationList = 43A8BDED26EF5614008A7E6D /* Build configuration list for PBXNativeTarget "TestApp-iOS" */;
			buildPhases = (
				43A8BDD526EF5612008A7E6D /* Sources */,
				43A8BDD626EF5612008A7E6D /* Frameworks */,
				43A8BDD726EF5612008A7E6D /* Resources */,
			);
			buildRules = (
			);
			dependencies = (
			);
			name = "TestApp-iOS";
			productName = "TestApp-iOS";
			productReference = 43A8BDD926EF5612008A7E6D /* TestApp-iOS.app */;
			productType = "com.apple.product-type.application";
		};
/* End PBXNativeTarget section */

/* Begin PBXProject section */
		43A8BDD126EF5612008A7E6D /* Project object */ = {
			isa = PBXProject;
			attributes = {
				LastSwiftUpdateCheck = 1250;
				LastUpgradeCheck = 1250;
				TargetAttributes = {
					43A8BDD826EF5612008A7E6D = {
						CreatedOnToolsVersion = 12.5.1;
					};
				};
			};
			buildConfigurationList = 43A8BDD426EF5612008A7E6D /* Build configuration list for PBXProject "TestApp-iOS" */;
			compatibilityVersion = "Xcode 9.3";
			developmentRegion = en;
			hasScannedForEncodings = 0;
			knownRegions = (
				en,
				Base,
			);
			mainGroup = 43A8BDD026EF5612008A7E6D;
			productRefGroup = 43A8BDDA26EF5612008A7E6D /* Products */;
			projectDirPath = "";
			projectRoot = "";
			targets = (
				43A8BDD826EF5612008A7E6D /* TestApp-iOS */,
			);
		};
/* End PBXProject section */

/* Begin PBXResourcesBuildPhase section */
		43A8BDD726EF5612008A7E6D /* Resources */ = {
			isa = PBXResourcesBuildPhase;
			buildActionMask = 2147483647;
			files = (
				43A8BDE926EF5614008A7E6D /* LaunchScreen.storyboard in Resources */,
				43A8BDE626EF5614008A7E6D /* Assets.xcassets in Resources */,
				43A8BDE426EF5612008A7E6D /* Main.storyboard in Resources */,
			);
			runOnlyForDeploymentPostprocessing = 0;
		};
/* End PBXResourcesBuildPhase section */

/* Begin PBXSourcesBuildPhase section */
		43A8BDD526EF5612008A7E6D /* Sources */ = {
			isa = PBXSourcesBuildPhase;
			buildActionMask = 2147483647;
			files = (
				43A8BDE126EF5612008A7E6D /* ViewController.swift in Sources */,
				43A8BDF326EF61F7008A7E6D /* RasaController.swift in Sources */,
				43A8BDDD26EF5612008A7E6D /* AppDelegate.swift in Sources */,
				43A8BDF126EF57A8008A7E6D /* ViewController2.swift in Sources */,
				43A8BDDF26EF5612008A7E6D /* SceneDelegate.swift in Sources */,
			);
			runOnlyForDeploymentPostprocessing = 0;
		};
/* End PBXSourcesBuildPhase section */

/* Begin PBXVariantGroup section */
		43A8BDE226EF5612008A7E6D /* Main.storyboard */ = {
			isa = PBXVariantGroup;
			children = (
				43A8BDE326EF5612008A7E6D /* Base */,
			);
			name = Main.storyboard;
			sourceTree = "<group>";
		};
		43A8BDE726EF5614008A7E6D /* LaunchScreen.storyboard */ = {
			isa = PBXVariantGroup;
			children = (
				43A8BDE826EF5614008A7E6D /* Base */,
			);
			name = LaunchScreen.storyboard;
			sourceTree = "<group>";
		};
/* End PBXVariantGroup section */

/* Begin XCBuildConfiguration section */
		43A8BDEB26EF5614008A7E6D /* Debug */ = {
			isa = XCBuildConfiguration;
			buildSettings = {
				ALWAYS_SEARCH_USER_PATHS = NO;
				CLANG_ANALYZER_NONNULL = YES;
				CLANG_ANALYZER_NUMBER_OBJECT_CONVERSION = YES_AGGRESSIVE;
				CLANG_CXX_LANGUAGE_STANDARD = "gnu++14";
				CLANG_CXX_LIBRARY = "libc++";
				CLANG_ENABLE_MODULES = YES;
				CLANG_ENABLE_OBJC_ARC = YES;
				CLANG_ENABLE_OBJC_WEAK = YES;
				CLANG_WARN_BLOCK_CAPTURE_AUTORELEASING = YES;
				CLANG_WARN_BOOL_CONVERSION = YES;
				CLANG_WARN_COMMA = YES;
				CLANG_WARN_CONSTANT_CONVERSION = YES;
				CLANG_WARN_DEPRECATED_OBJC_IMPLEMENTATIONS = YES;
				CLANG_WARN_DIRECT_OBJC_ISA_USAGE = YES_ERROR;
				CLANG_WARN_DOCUMENTATION_COMMENTS = YES;
				CLANG_WARN_EMPTY_BODY = YES;
				CLANG_WARN_ENUM_CONVERSION = YES;
				CLANG_WARN_INFINITE_RECURSION = YES;
				CLANG_WARN_INT_CONVERSION = YES;
				CLANG_WARN_NON_LITERAL_NULL_CONVERSION = YES;
				CLANG_WARN_OBJC_IMPLICIT_RETAIN_SELF = YES;
				CLANG_WARN_OBJC_LITERAL_CONVERSION = YES;
				CLANG_WARN_OBJC_ROOT_CLASS = YES_ERROR;
				CLANG_WARN_QUOTED_INCLUDE_IN_FRAMEWORK_HEADER = YES;
				CLANG_WARN_RANGE_LOOP_ANALYSIS = YES;
				CLANG_WARN_STRICT_PROTOTYPES = YES;
				CLANG_WARN_SUSPICIOUS_MOVE = YES;
				CLANG_WARN_UNGUARDED_AVAILABILITY = YES_AGGRESSIVE;
				CLANG_WARN_UNREACHABLE_CODE = YES;
				CLANG_WARN__DUPLICATE_METHOD_MATCH = YES;
				COPY_PHASE_STRIP = NO;
				DEBUG_INFORMATION_FORMAT = dwarf;
				ENABLE_STRICT_OBJC_MSGSEND = YES;
				ENABLE_TESTABILITY = YES;
				GCC_C_LANGUAGE_STANDARD = gnu11;
				GCC_DYNAMIC_NO_PIC = NO;
				GCC_NO_COMMON_BLOCKS = YES;
				GCC_OPTIMIZATION_LEVEL = 0;
				GCC_PREPROCESSOR_DEFINITIONS = (
					"DEBUG=1",
					"$(inherited)",
				);
				GCC_WARN_64_TO_32_BIT_CONVERSION = YES;
				GCC_WARN_ABOUT_RETURN_TYPE = YES_ERROR;
				GCC_WARN_UNDECLARED_SELECTOR = YES;
				GCC_WARN_UNINITIALIZED_AUTOS = YES_AGGRESSIVE;
				GCC_WARN_UNUSED_FUNCTION = YES;
				GCC_WARN_UNUSED_VARIABLE = YES;
				IPHONEOS_DEPLOYMENT_TARGET = 14.5;
				MTL_ENABLE_DEBUG_INFO = INCLUDE_SOURCE;
				MTL_FAST_MATH = YES;
				ONLY_ACTIVE_ARCH = YES;
				SDKROOT = iphoneos;
				SWIFT_ACTIVE_COMPILATION_CONDITIONS = DEBUG;
				SWIFT_OPTIMIZATION_LEVEL = "-Onone";
			};
			name = Debug;
		};
		43A8BDEC26EF5614008A7E6D /* Release */ = {
			isa = XCBuildConfiguration;
			buildSettings = {
				ALWAYS_SEARCH_USER_PATHS = NO;
				CLANG_ANALYZER_NONNULL = YES;
				CLANG_ANALYZER_NUMBER_OBJECT_CONVERSION = YES_AGGRESSIVE;
				CLANG_CXX_LANGUAGE_STANDARD = "gnu++14";
				CLANG_CXX_LIBRARY = "libc++";
				CLANG_ENABLE_MODULES = YES;
				CLANG_ENABLE_OBJC_ARC = YES;
				CLANG_ENABLE_OBJC_WEAK = YES;
				CLANG_WARN_BLOCK_CAPTURE_AUTORELEASING = YES;
				CLANG_WARN_BOOL_CONVERSION = YES;
				CLANG_WARN_COMMA = YES;
				CLANG_WARN_CONSTANT_CONVERSION = YES;
				CLANG_WARN_DEPRECATED_OBJC_IMPLEMENTATIONS = YES;
				CLANG_WARN_DIRECT_OBJC_ISA_USAGE = YES_ERROR;
				CLANG_WARN_DOCUMENTATION_COMMENTS = YES;
				CLANG_WARN_EMPTY_BODY = YES;
				CLANG_WARN_ENUM_CONVERSION = YES;
				CLANG_WARN_INFINITE_RECURSION = YES;
				CLANG_WARN_INT_CONVERSION = YES;
				CLANG_WARN_NON_LITERAL_NULL_CONVERSION = YES;
				CLANG_WARN_OBJC_IMPLICIT_RETAIN_SELF = YES;
				CLANG_WARN_OBJC_LITERAL_CONVERSION = YES;
				CLANG_WARN_OBJC_ROOT_CLASS = YES_ERROR;
				CLANG_WARN_QUOTED_INCLUDE_IN_FRAMEWORK_HEADER = YES;
				CLANG_WARN_RANGE_LOOP_ANALYSIS = YES;
				CLANG_WARN_STRICT_PROTOTYPES = YES;
				CLANG_WARN_SUSPICIOUS_MOVE = YES;
				CLANG_WARN_UNGUARDED_AVAILABILITY = YES_AGGRESSIVE;
				CLANG_WARN_UNREACHABLE_CODE = YES;
				CLANG_WARN__DUPLICATE_METHOD_MATCH = YES;
				COPY_PHASE_STRIP = NO;
				DEBUG_INFORMATION_FORMAT = "dwarf-with-dsym";
				ENABLE_NS_ASSERTIONS = NO;
				ENABLE_STRICT_OBJC_MSGSEND = YES;
				GCC_C_LANGUAGE_STANDARD = gnu11;
				GCC_NO_COMMON_BLOCKS = YES;
				GCC_WARN_64_TO_32_BIT_CONVERSION = YES;
				GCC_WARN_ABOUT_RETURN_TYPE = YES_ERROR;
				GCC_WARN_UNDECLARED_SELECTOR = YES;
				GCC_WARN_UNINITIALIZED_AUTOS = YES_AGGRESSIVE;
				GCC_WARN_UNUSED_FUNCTION = YES;
				GCC_WARN_UNUSED_VARIABLE = YES;
				IPHONEOS_DEPLOYMENT_TARGET = 14.5;
				MTL_ENABLE_DEBUG_INFO = NO;
				MTL_FAST_MATH = YES;
				SDKROOT = iphoneos;
				SWIFT_COMPILATION_MODE = wholemodule;
				SWIFT_OPTIMIZATION_LEVEL = "-O";
				VALIDATE_PRODUCT = YES;
			};
			name = Release;
		};
		43A8BDEE26EF5614008A7E6D /* Debug */ = {
			isa = XCBuildConfiguration;
			buildSettings = {
				ASSETCATALOG_COMPILER_APPICON_NAME = AppIcon;
				ASSETCATALOG_COMPILER_GLOBAL_ACCENT_COLOR_NAME = AccentColor;
				CODE_SIGN_STYLE = Automatic;
				INFOPLIST_FILE = "TestApp-iOS/Info.plist";
				LD_RUNPATH_SEARCH_PATHS = (
					"$(inherited)",
					"@executable_path/Frameworks",
				);
				PRODUCT_BUNDLE_IDENTIFIER = "com.test.bt.kencor.sami.TestApp-iOS";
				PRODUCT_NAME = "$(TARGET_NAME)";
				SWIFT_VERSION = 5.0;
				TARGETED_DEVICE_FAMILY = "1,2";
			};
			name = Debug;
		};
		43A8BDEF26EF5614008A7E6D /* Release */ = {
			isa = XCBuildConfiguration;
			buildSettings = {
				ASSETCATALOG_COMPILER_APPICON_NAME = AppIcon;
				ASSETCATALOG_COMPILER_GLOBAL_ACCENT_COLOR_NAME = AccentColor;
				CODE_SIGN_STYLE = Automatic;
				INFOPLIST_FILE = "TestApp-iOS/Info.plist";
				LD_RUNPATH_SEARCH_PATHS = (
					"$(inherited)",
					"@executable_path/Frameworks",
				);
				PRODUCT_BUNDLE_IDENTIFIER = "com.test.bt.kencor.sami.TestApp-iOS";
				PRODUCT_NAME = "$(TARGET_NAME)";
				SWIFT_VERSION = 5.0;
				TARGETED_DEVICE_FAMILY = "1,2";
			};
			name = Release;
		};
/* End XCBuildConfiguration section */

/* Begin XCConfigurationList section */
		43A8BDD426EF5612008A7E6D /* Build configuration list for PBXProject "TestApp-iOS" */ = {
			isa = XCConfigurationList;
			buildConfigurations = (
				43A8BDEB26EF5614008A7E6D /* Debug */,
				43A8BDEC26EF5614008A7E6D /* Release */,
			);
			defaultConfigurationIsVisible = 0;
			defaultConfigurationName = Release;
		};
		43A8BDED26EF5614008A7E6D /* Build configuration list for PBXNativeTarget "TestApp-iOS" */ = {
			isa = XCConfigurationList;
			buildConfigurations = (
				43A8BDEE26EF5614008A7E6D /* Debug */,
				43A8BDEF26EF5614008A7E6D /* Release */,
			);
			defaultConfigurationIsVisible = 0;
			defaultConfigurationName = Release;
		};
/* End XCConfigurationList section */
	};
	rootObject = 43A8BDD126EF5612008A7E6D /* Project object */;
}
